<Solution>
  <Project Path="CodingFlow.FluentValidation.UnitTests/CodingFlow.FluentValidation.UnitTests.csproj" Id="dab72839-1338-4b9c-832e-bd824927900d" />
  <Project Path="CodingFlow.FluentValidation.VogenExtensions.UnitTests/CodingFlow.FluentValidation.VogenExtensions.UnitTests.csproj" />
  <Project Path="CodingFlow.FluentValidation.VogenExtensions/CodingFlow.FluentValidation.VogenExtensions.csproj" />
  <Project Path="CodingFlow.FluentValidation/CodingFlow.FluentValidation.csproj" />
  <Project Path="Examples/Examples.csproj" Id="31b76e57-988c-453b-b235-e2a4a4f43642" />
</Solution>
